
Microsoft Visual Studio Solution File, Format Version 12.00
# Visual Studio Version 17
VisualStudioVersion = 17.14.36221.1 d17.14
MinimumVisualStudioVersion = 10.0.40219.1
Project("{FAE04EC0-301F-11D3-BF4B-00C04F79EFBC}") = "ECW", "ECW.csproj", "{958758F6-2BC7-46D5-90D4-B3242116CA7C}"
EndProject
Global
	GlobalSection(SolutionConfigurationPlatforms) = preSolution
		Debug|Any CPU = Debug|Any CPU
		Release|Any CPU = Release|Any CPU
	EndGlobalSection
	GlobalSection(ProjectConfigurationPlatforms) = postSolution
		{958758F6-2BC7-46D5-90D4-B3242116CA7C}.Debug|Any CPU.ActiveCfg = Debug|Any CPU
		{958758F6-2BC7-46D5-90D4-B3242116CA7C}.Debug|Any CPU.Build.0 = Debug|Any CPU
		{958758F6-2BC7-46D5-90D4-B3242116CA7C}.Release|Any CPU.ActiveCfg = Release|Any CPU
		{958758F6-2BC7-46D5-90D4-B3242116CA7C}.Release|Any CPU.Build.0 = Release|Any CPU
	EndGlobalSection
	GlobalSection(SolutionProperties) = preSolution
		HideSolutionNode = FALSE
	EndGlobalSection
	GlobalSection(ExtensibilityGlobals) = postSolution
		SolutionGuid = {E47D49EB-61A6-426A-AE06-A70DC921DB62}
	EndGlobalSection
EndGlobal
